// !$*UTF8*$!
{
	archiveVersion = 1;
	classes = {
	};
	objectVersion = 48;
	objects = {

/* Begin PBXBuildFile section */
		B333670F20A31B1D00A19E2D /* AppDelegate.swift in Sources */ = {isa = PBXBuildFile; fileRef = B333670E20A31B1D00A19E2D /* AppDelegate.swift */; };
		B333671120A31B1D00A19E2D /* ViewController.swift in Sources */ = {isa = PBXBuildFile; fileRef = B333671020A31B1D00A19E2D /* ViewController.swift */; };
		B333671420A31B1D00A19E2D /* Main.storyboard in Resources */ = {isa = PBXBuildFile; fileRef = B333671220A31B1D00A19E2D /* Main.storyboard */; };
		B333671620A31B1D00A19E2D /* Assets.xcassets in Resources */ = {isa = PBXBuildFile; fileRef = B333671520A31B1D00A19E2D /* Assets.xcassets */; };
		B333671920A31B1D00A19E2D /* LaunchScreen.storyboard in Resources */ = {isa = PBXBuildFile; fileRef = B333671720A31B1D00A19E2D /* LaunchScreen.storyboard */; };
		B34CF6BD20AEC0940029EB98 /* This Is What You Came For (Feat. Rihanna).mp3 in Resources */ = {isa = PBXBuildFile; fileRef = B34CF6B820AEC0940029EB98 /* This Is What You Came For (Feat. Rihanna).mp3 */; };
		B34CF6BE20AEC0940029EB98 /* No Tears Left To Cry.mp3 in Resources */ = {isa = PBXBuildFile; fileRef = B34CF6B920AEC0940029EB98 /* No Tears Left To Cry.mp3 */; };
		B34CF6BF20AEC0940029EB98 /* Waiting For Love.mp3 in Resources */ = {isa = PBXBuildFile; fileRef = B34CF6BA20AEC0940029EB98 /* Waiting For Love.mp3 */; };
		B34CF6C020AEC0940029EB98 /* The Nights.mp3 in Resources */ = {isa = PBXBuildFile; fileRef = B34CF6BB20AEC0940029EB98 /* The Nights.mp3 */; };
		B34CF6C520AECF7A0029EB98 /* Wake Me Up (Radio Edit).mp3 in Resources */ = {isa = PBXBuildFile; fileRef = B34CF6C420AECF7A0029EB98 /* Wake Me Up (Radio Edit).mp3 */; };
		B3C3889D20ADE43E007E5E34 /* musicData.swift in Sources */ = {isa = PBXBuildFile; fileRef = B3C3889C20ADE43E007E5E34 /* musicData.swift */; };
		B3D6DEE520A95C8E000271C1 /* MainViewController.swift in Sources */ = {isa = PBXBuildFile; fileRef = B3D6DEE420A95C8E000271C1 /* MainViewController.swift */; };
		B3D6DEEA20A975ED000271C1 /* MainTableViewCell.swift in Sources */ = {isa = PBXBuildFile; fileRef = B3D6DEE920A975ED000271C1 /* MainTableViewCell.swift */; };
/* End PBXBuildFile section */

/* Begin PBXContainerItemProxy section */
		B333672020A31B1D00A19E2D /* PBXContainerItemProxy */ = {
			isa = PBXContainerItemProxy;
			containerPortal = B333670320A31B1D00A19E2D /* Project object */;
			proxyType = 1;
			remoteGlobalIDString = B333670A20A31B1D00A19E2D;
			remoteInfo = AudioProject;
		};
		B333672B20A31B1D00A19E2D /* PBXContainerItemProxy */ = {
			isa = PBXContainerItemProxy;
			containerPortal = B333670320A31B1D00A19E2D /* Project object */;
			proxyType = 1;
			remoteGlobalIDString = B333670A20A31B1D00A19E2D;
			remoteInfo = AudioProject;
		};
/* End PBXContainerItemProxy section */

/* Begin PBXFileReference section */
		B333670E20A31B1D00A19E2D /* AppDelegate.swift */ = {isa = PBXFileReference; lastKnownFileType = sourcecode.swift; path = AppDelegate.swift; sourceTree = "<group>"; };
		B333671020A31B1D00A19E2D /* ViewController.swift */ = {isa = PBXFileReference; lastKnownFileType = sourcecode.swift; path = ViewController.swift; sourceTree = "<group>"; };
		B333671320A31B1D00A19E2D /* Base */ = {isa = PBXFileReference; lastKnownFileType = file.storyboard; name = Base; path = Base.lproj/Main.storyboard; sourceTree = "<group>"; };
		B333671520A31B1D00A19E2D /* Assets.xcassets */ = {isa = PBXFileReference; lastKnownFileType = folder.assetcatalog; path = Assets.xcassets; sourceTree = "<group>"; };
		B333671820A31B1D00A19E2D /* Base */ = {isa = PBXFileReference; lastKnownFileType = file.storyboard; name = Base; path = Base.lproj/LaunchScreen.storyboard; sourceTree = "<group>"; };
		B333671A20A31B1D00A19E2D /* Info.plist */ = {isa = PBXFileReference; lastKnownFileType = text.plist.xml; path = Info.plist; sourceTree = "<group>"; };
		B34CF6B120AE6A7E0029EB98 /* AudioProject.app */ = {isa = PBXFileReference; explicitFileType = wrapper.application; includeInIndex = 0; path = AudioProject.app; sourceTree = BUILT_PRODUCTS_DIR; };
		B34CF6B820AEC0940029EB98 /* This Is What You Came For (Feat. Rihanna).mp3 */ = {isa = PBXFileReference; lastKnownFileType = audio.mp3; path = "This Is What You Came For (Feat. Rihanna).mp3"; sourceTree = "<group>"; };
		B34CF6B920AEC0940029EB98 /* No Tears Left To Cry.mp3 */ = {isa = PBXFileReference; lastKnownFileType = audio.mp3; path = "No Tears Left To Cry.mp3"; sourceTree = "<group>"; };
		B34CF6BA20AEC0940029EB98 /* Waiting For Love.mp3 */ = {isa = PBXFileReference; lastKnownFileType = audio.mp3; path = "Waiting For Love.mp3"; sourceTree = "<group>"; };
		B34CF6BB20AEC0940029EB98 /* The Nights.mp3 */ = {isa = PBXFileReference; lastKnownFileType = audio.mp3; path = "The Nights.mp3"; sourceTree = "<group>"; };
		B34CF6C420AECF7A0029EB98 /* Wake Me Up (Radio Edit).mp3 */ = {isa = PBXFileReference; lastKnownFileType = audio.mp3; path = "Wake Me Up (Radio Edit).mp3"; sourceTree = "<group>"; };
		B352A96B2178468400EDF119 /* AudioProjectTests.xctest */ = {isa = PBXFileReference; explicitFileType = wrapper.cfbundle; includeInIndex = 0; path = AudioProjectTests.xctest; sourceTree = BUILT_PRODUCTS_DIR; };
		B352A96C2178468400EDF119 /* AudioProjectUITests.xctest */ = {isa = PBXFileReference; explicitFileType = wrapper.cfbundle; includeInIndex = 0; path = AudioProjectUITests.xctest; sourceTree = BUILT_PRODUCTS_DIR; };
		B3C3889C20ADE43E007E5E34 /* musicData.swift */ = {isa = PBXFileReference; lastKnownFileType = sourcecode.swift; path = musicData.swift; sourceTree = "<group>"; };
		B3D6DEE420A95C8E000271C1 /* MainViewController.swift */ = {isa = PBXFileReference; lastKnownFileType = sourcecode.swift; path = MainViewController.swift; sourceTree = "<group>"; };
		B3D6DEE920A975ED000271C1 /* MainTableViewCell.swift */ = {isa = PBXFileReference; lastKnownFileType = sourcecode.swift; path = MainTableViewCell.swift; sourceTree = "<group>"; };
/* End PBXFileReference section */

/* Begin PBXFrameworksBuildPhase section */
		B333670820A31B1D00A19E2D /* Frameworks */ = {
			isa = PBXFrameworksBuildPhase;
			buildActionMask = 2147483647;
			files = (
			);
			runOnlyForDeploymentPostprocessing = 0;
		};
		B333671C20A31B1D00A19E2D /* Frameworks */ = {
			isa = PBXFrameworksBuildPhase;
			buildActionMask = 2147483647;
			files = (
			);
			runOnlyForDeploymentPostprocessing = 0;
		};
		B333672720A31B1D00A19E2D /* Frameworks */ = {
			isa = PBXFrameworksBuildPhase;
			buildActionMask = 2147483647;
			files = (
			);
			runOnlyForDeploymentPostprocessing = 0;
		};
/* End PBXFrameworksBuildPhase section */

/* Begin PBXGroup section */
		B333670220A31B1D00A19E2D = {
			isa = PBXGroup;
			children = (
				B34CF6CA20AF0D9D0029EB98 /* Model */,
				B3C3888D20ADC10F007E5E34 /* musicFile */,
				B333670D20A31B1D00A19E2D /* AudioProject */,
				B34CF6B120AE6A7E0029EB98 /* AudioProject.app */,
				B352A96B2178468400EDF119 /* AudioProjectTests.xctest */,
				B352A96C2178468400EDF119 /* AudioProjectUITests.xctest */,
			);
			sourceTree = "<group>";
		};
		B333670D20A31B1D00A19E2D /* AudioProject */ = {
			isa = PBXGroup;
			children = (
				B333670E20A31B1D00A19E2D /* AppDelegate.swift */,
				B333671020A31B1D00A19E2D /* ViewController.swift */,
				B333671220A31B1D00A19E2D /* Main.storyboard */,
				B3D6DEE420A95C8E000271C1 /* MainViewController.swift */,
				B333671520A31B1D00A19E2D /* Assets.xcassets */,
				B333671720A31B1D00A19E2D /* LaunchScreen.storyboard */,
				B333671A20A31B1D00A19E2D /* Info.plist */,
				B3D6DEE920A975ED000271C1 /* MainTableViewCell.swift */,
			);
			path = AudioProject;
			sourceTree = "<group>";
		};
		B34CF6CA20AF0D9D0029EB98 /* Model */ = {
			isa = PBXGroup;
			children = (
				B3C3889C20ADE43E007E5E34 /* musicData.swift */,
			);
			path = Model;
			sourceTree = "<group>";
		};
		B3C3888D20ADC10F007E5E34 /* musicFile */ = {
			isa = PBXGroup;
			children = (
				B34CF6B920AEC0940029EB98 /* No Tears Left To Cry.mp3 */,
				B34CF6BB20AEC0940029EB98 /* The Nights.mp3 */,
				B34CF6C420AECF7A0029EB98 /* Wake Me Up (Radio Edit).mp3 */,
				B34CF6B820AEC0940029EB98 /* This Is What You Came For (Feat. Rihanna).mp3 */,
				B34CF6BA20AEC0940029EB98 /* Waiting For Love.mp3 */,
			);
			path = musicFile;
			sourceTree = "<group>";
		};
/* End PBXGroup section */

/* Begin PBXNativeTarget section */
		B333670A20A31B1D00A19E2D /* AudioProject */ = {
			isa = PBXNativeTarget;
			buildConfigurationList = B333673320A31B1D00A19E2D /* Build configuration list for PBXNativeTarget "AudioProject" */;
			buildPhases = (
				B333670720A31B1D00A19E2D /* Sources */,
				B333670820A31B1D00A19E2D /* Frameworks */,
				B333670920A31B1D00A19E2D /* Resources */,
			);
			buildRules = (
			);
			dependencies = (
			);
			name = AudioProject;
			productName = AudioProject;
			productReference = B34CF6B120AE6A7E0029EB98 /* AudioProject.app */;
			productType = "com.apple.product-type.application";
		};
		B333671E20A31B1D00A19E2D /* AudioProjectTests */ = {
			isa = PBXNativeTarget;
			buildConfigurationList = B333673620A31B1D00A19E2D /* Build configuration list for PBXNativeTarget "AudioProjectTests" */;
			buildPhases = (
				B333671B20A31B1D00A19E2D /* Sources */,
				B333671C20A31B1D00A19E2D /* Frameworks */,
				B333671D20A31B1D00A19E2D /* Resources */,
			);
			buildRules = (
			);
			dependencies = (
				B333672120A31B1D00A19E2D /* PBXTargetDependency */,
			);
			name = AudioProjectTests;
			productName = AudioProjectTests;
			productReference = B352A96B2178468400EDF119 /* AudioProjectTests.xctest */;
			productType = "com.apple.product-type.bundle.unit-test";
		};
		B333672920A31B1D00A19E2D /* AudioProjectUITests */ = {
			isa = PBXNativeTarget;
			buildConfigurationList = B333673920A31B1D00A19E2D /* Build configuration list for PBXNativeTarget "AudioProjectUITests" */;
			buildPhases = (
				B333672620A31B1D00A19E2D /* Sources */,
				B333672720A31B1D00A19E2D /* Frameworks */,
				B333672820A31B1D00A19E2D /* Resources */,
			);
			buildRules = (
			);
			dependencies = (
				B333672C20A31B1D00A19E2D /* PBXTargetDependency */,
			);
			name = AudioProjectUITests;
			productName = AudioProjectUITests;
			productReference = B352A96C2178468400EDF119 /* AudioProjectUITests.xctest */;
			productType = "com.apple.product-type.bundle.ui-testing";
		};
/* End PBXNativeTarget section */

/* Begin PBXProject section */
		B333670320A31B1D00A19E2D /* Project object */ = {
			isa = PBXProject;
			attributes = {
				LastSwiftUpdateCheck = 0920;
				LastUpgradeCheck = 0920;
				ORGANIZATIONNAME = "고상범";
				TargetAttributes = {
					B333670A20A31B1D00A19E2D = {
						CreatedOnToolsVersion = 9.2;
						ProvisioningStyle = Automatic;
					};
					B333671E20A31B1D00A19E2D = {
						CreatedOnToolsVersion = 9.2;
						ProvisioningStyle = Automatic;
						TestTargetID = B333670A20A31B1D00A19E2D;
					};
					B333672920A31B1D00A19E2D = {
						CreatedOnToolsVersion = 9.2;
						ProvisioningStyle = Automatic;
						TestTargetID = B333670A20A31B1D00A19E2D;
					};
				};
			};
			buildConfigurationList = B333670620A31B1D00A19E2D /* Build configuration list for PBXProject "AudioProject" */;
			compatibilityVersion = "Xcode 8.0";
			developmentRegion = en;
			hasScannedForEncodings = 0;
			knownRegions = (
				en,
				Base,
			);
			mainGroup = B333670220A31B1D00A19E2D;
			productRefGroup = B333670220A31B1D00A19E2D;
			projectDirPath = "";
			projectRoot = "";
			targets = (
				B333670A20A31B1D00A19E2D /* AudioProject */,
				B333671E20A31B1D00A19E2D /* AudioProjectTests */,
				B333672920A31B1D00A19E2D /* AudioProjectUITests */,
			);
		};
/* End PBXProject section */

/* Begin PBXResourcesBuildPhase section */
		B333670920A31B1D00A19E2D /* Resources */ = {
			isa = PBXResourcesBuildPhase;
			buildActionMask = 2147483647;
			files = (
				B34CF6BD20AEC0940029EB98 /* This Is What You Came For (Feat. Rihanna).mp3 in Resources */,
				B34CF6C020AEC0940029EB98 /* The Nights.mp3 in Resources */,
				B34CF6BE20AEC0940029EB98 /* No Tears Left To Cry.mp3 in Resources */,
				B34CF6BF20AEC0940029EB98 /* Waiting For Love.mp3 in Resources */,
				B333671920A31B1D00A19E2D /* LaunchScreen.storyboard in Resources */,
				B333671620A31B1D00A19E2D /* Assets.xcassets in Resources */,
				B34CF6C520AECF7A0029EB98 /* Wake Me Up (Radio Edit).mp3 in Resources */,
				B333671420A31B1D00A19E2D /* Main.storyboard in Resources */,
			);
			runOnlyForDeploymentPostprocessing = 0;
		};
		B333671D20A31B1D00A19E2D /* Resources */ = {
			isa = PBXResourcesBuildPhase;
			buildActionMask = 2147483647;
			files = (
			);
			runOnlyForDeploymentPostprocessing = 0;
		};
		B333672820A31B1D00A19E2D /* Resources */ = {
			isa = PBXResourcesBuildPhase;
			buildActionMask = 2147483647;
			files = (
			);
			runOnlyForDeploymentPostprocessing = 0;
		};
/* End PBXResourcesBuildPhase section */

/* Begin PBXSourcesBuildPhase section */
		B333670720A31B1D00A19E2D /* Sources */ = {
			isa = PBXSourcesBuildPhase;
			buildActionMask = 2147483647;
			files = (
				B333671120A31B1D00A19E2D /* ViewController.swift in Sources */,
				B3D6DEE520A95C8E000271C1 /* MainViewController.swift in Sources */,
				B3D6DEEA20A975ED000271C1 /* MainTableViewCell.swift in Sources */,
				B3C3889D20ADE43E007E5E34 /* musicData.swift in Sources */,
				B333670F20A31B1D00A19E2D /* AppDelegate.swift in Sources */,
			);
			runOnlyForDeploymentPostprocessing = 0;
		};
		B333671B20A31B1D00A19E2D /* Sources */ = {
			isa = PBXSourcesBuildPhase;
			buildActionMask = 2147483647;
			files = (
			);
			runOnlyForDeploymentPostprocessing = 0;
		};
		B333672620A31B1D00A19E2D /* Sources */ = {
			isa = PBXSourcesBuildPhase;
			buildActionMask = 2147483647;
			files = (
			);
			runOnlyForDeploymentPostprocessing = 0;
		};
/* End PBXSourcesBuildPhase section */

/* Begin PBXTargetDependency section */
		B333672120A31B1D00A19E2D /* PBXTargetDependency */ = {
			isa = PBXTargetDependency;
			target = B333670A20A31B1D00A19E2D /* AudioProject */;
			targetProxy = B333672020A31B1D00A19E2D /* PBXContainerItemProxy */;
		};
		B333672C20A31B1D00A19E2D /* PBXTargetDependency */ = {
			isa = PBXTargetDependency;
			target = B333670A20A31B1D00A19E2D /* AudioProject */;
			targetProxy = B333672B20A31B1D00A19E2D /* PBXContainerItemProxy */;
		};
/* End PBXTargetDependency section */

/* Begin PBXVariantGroup section */
		B333671220A31B1D00A19E2D /* Main.storyboard */ = {
			isa = PBXVariantGroup;
			children = (
				B333671320A31B1D00A19E2D /* Base */,
			);
			name = Main.storyboard;
			sourceTree = "<group>";
		};
		B333671720A31B1D00A19E2D /* LaunchScreen.storyboard */ = {
			isa = PBXVariantGroup;
			children = (
				B333671820A31B1D00A19E2D /* Base */,
			);
			name = LaunchScreen.storyboard;
			sourceTree = "<group>";
		};
/* End PBXVariantGroup section */

/* Begin XCBuildConfiguration section */
		B333673120A31B1D00A19E2D /* Debug */ = {
			isa = XCBuildConfiguration;
			buildSettings = {
				ALWAYS_SEARCH_USER_PATHS = NO;
				CLANG_ANALYZER_NONNULL = YES;
				CLANG_ANALYZER_NUMBER_OBJECT_CONVERSION = YES_AGGRESSIVE;
				CLANG_CXX_LANGUAGE_STANDARD = "gnu++14";
				CLANG_CXX_LIBRARY = "libc++";
				CLANG_ENABLE_MODULES = YES;
				CLANG_ENABLE_OBJC_ARC = YES;
				CLANG_WARN_BLOCK_CAPTURE_AUTORELEASING = YES;
				CLANG_WARN_BOOL_CONVERSION = YES;
				CLANG_WARN_COMMA = YES;
				CLANG_WARN_CONSTANT_CONVERSION = YES;
				CLANG_WARN_DIRECT_OBJC_ISA_USAGE = YES_ERROR;
				CLANG_WARN_DOCUMENTATION_COMMENTS = YES;
				CLANG_WARN_EMPTY_BODY = YES;
				CLANG_WARN_ENUM_CONVERSION = YES;
				CLANG_WARN_INFINITE_RECURSION = YES;
				CLANG_WARN_INT_CONVERSION = YES;
				CLANG_WARN_NON_LITERAL_NULL_CONVERSION = YES;
				CLANG_WARN_OBJC_LITERAL_CONVERSION = YES;
				CLANG_WARN_OBJC_ROOT_CLASS = YES_ERROR;
				CLANG_WARN_RANGE_LOOP_ANALYSIS = YES;
				CLANG_WARN_STRICT_PROTOTYPES = YES;
				CLANG_WARN_SUSPICIOUS_MOVE = YES;
				CLANG_WARN_UNGUARDED_AVAILABILITY = YES_AGGRESSIVE;
				CLANG_WARN_UNREACHABLE_CODE = YES;
				CLANG_WARN__DUPLICATE_METHOD_MATCH = YES;
				CODE_SIGN_IDENTITY = "iPhone Developer";
				COPY_PHASE_STRIP = NO;
				DEBUG_INFORMATION_FORMAT = dwarf;
				ENABLE_STRICT_OBJC_MSGSEND = YES;
				ENABLE_TESTABILITY = YES;
				GCC_C_LANGUAGE_STANDARD = gnu11;
				GCC_DYNAMIC_NO_PIC = NO;
				GCC_NO_COMMON_BLOCKS = YES;
				GCC_OPTIMIZATION_LEVEL = 0;
				GCC_PREPROCESSOR_DEFINITIONS = (
					"DEBUG=1",
					"$(inherited)",
				);
				GCC_WARN_64_TO_32_BIT_CONVERSION = YES;
				GCC_WARN_ABOUT_RETURN_TYPE = YES_ERROR;
				GCC_WARN_UNDECLARED_SELECTOR = YES;
				GCC_WARN_UNINITIALIZED_AUTOS = YES_AGGRESSIVE;
				GCC_WARN_UNUSED_FUNCTION = YES;
				GCC_WARN_UNUSED_VARIABLE = YES;
				IPHONEOS_DEPLOYMENT_TARGET = 11.2;
				MTL_ENABLE_DEBUG_INFO = YES;
				ONLY_ACTIVE_ARCH = YES;
				SDKROOT = iphoneos;
				SWIFT_ACTIVE_COMPILATION_CONDITIONS = DEBUG;
				SWIFT_OPTIMIZATION_LEVEL = "-Onone";
			};
			name = Debug;
		};
		B333673220A31B1D00A19E2D /* Release */ = {
			isa = XCBuildConfiguration;
			buildSettings = {
				ALWAYS_SEARCH_USER_PATHS = NO;
				CLANG_ANALYZER_NONNULL = YES;
				CLANG_ANALYZER_NUMBER_OBJECT_CONVERSION = YES_AGGRESSIVE;
				CLANG_CXX_LANGUAGE_STANDARD = "gnu++14";
				CLANG_CXX_LIBRARY = "libc++";
				CLANG_ENABLE_MODULES = YES;
				CLANG_ENABLE_OBJC_ARC = YES;
				CLANG_WARN_BLOCK_CAPTURE_AUTORELEASING = YES;
				CLANG_WARN_BOOL_CONVERSION = YES;
				CLANG_WARN_COMMA = YES;
				CLANG_WARN_CONSTANT_CONVERSION = YES;
				CLANG_WARN_DIRECT_OBJC_ISA_USAGE = YES_ERROR;
				CLANG_WARN_DOCUMENTATION_COMMENTS = YES;
				CLANG_WARN_EMPTY_BODY = YES;
				CLANG_WARN_ENUM_CONVERSION = YES;
				CLANG_WARN_INFINITE_RECURSION = YES;
				CLANG_WARN_INT_CONVERSION = YES;
				CLANG_WARN_NON_LITERAL_NULL_CONVERSION = YES;
				CLANG_WARN_OBJC_LITERAL_CONVERSION = YES;
				CLANG_WARN_OBJC_ROOT_CLASS = YES_ERROR;
				CLANG_WARN_RANGE_LOOP_ANALYSIS = YES;
				CLANG_WARN_STRICT_PROTOTYPES = YES;
				CLANG_WARN_SUSPICIOUS_MOVE = YES;
				CLANG_WARN_UNGUARDED_AVAILABILITY = YES_AGGRESSIVE;
				CLANG_WARN_UNREACHABLE_CODE = YES;
				CLANG_WARN__DUPLICATE_METHOD_MATCH = YES;
				CODE_SIGN_IDENTITY = "iPhone Developer";
				COPY_PHASE_STRIP = NO;
				DEBUG_INFORMATION_FORMAT = "dwarf-with-dsym";
				ENABLE_NS_ASSERTIONS = NO;
				ENABLE_STRICT_OBJC_MSGSEND = YES;
				GCC_C_LANGUAGE_STANDARD = gnu11;
				GCC_NO_COMMON_BLOCKS = YES;
				GCC_WARN_64_TO_32_BIT_CONVERSION = YES;
				GCC_WARN_ABOUT_RETURN_TYPE = YES_ERROR;
				GCC_WARN_UNDECLARED_SELECTOR = YES;
				GCC_WARN_UNINITIALIZED_AUTOS = YES_AGGRESSIVE;
				GCC_WARN_UNUSED_FUNCTION = YES;
				GCC_WARN_UNUSED_VARIABLE = YES;
				IPHONEOS_DEPLOYMENT_TARGET = 11.2;
				MTL_ENABLE_DEBUG_INFO = NO;
				SDKROOT = iphoneos;
				SWIFT_OPTIMIZATION_LEVEL = "-Owholemodule";
				VALIDATE_PRODUCT = YES;
			};
			name = Release;
		};
		B333673420A31B1D00A19E2D /* Debug */ = {
			isa = XCBuildConfiguration;
			buildSettings = {
				ASSETCATALOG_COMPILER_APPICON_NAME = AppIcon;
				CODE_SIGN_STYLE = Automatic;
				DEVELOPMENT_TEAM = CMXKRM464P;
				INFOPLIST_FILE = AudioProject/Info.plist;
				LD_RUNPATH_SEARCH_PATHS = "$(inherited) @executable_path/Frameworks";
				PRODUCT_BUNDLE_IDENTIFIER = bumslap.AudioProject;
				PRODUCT_NAME = "$(TARGET_NAME)";
				SWIFT_VERSION = 4.0;
				TARGETED_DEVICE_FAMILY = "1,2";
			};
			name = Debug;
		};
		B333673520A31B1D00A19E2D /* Release */ = {
			isa = XCBuildConfiguration;
			buildSettings = {
				ASSETCATALOG_COMPILER_APPICON_NAME = AppIcon;
				CODE_SIGN_STYLE = Automatic;
				DEVELOPMENT_TEAM = CMXKRM464P;
				INFOPLIST_FILE = AudioProject/Info.plist;
				LD_RUNPATH_SEARCH_PATHS = "$(inherited) @executable_path/Frameworks";
				PRODUCT_BUNDLE_IDENTIFIER = bumslap.AudioProject;
				PRODUCT_NAME = "$(TARGET_NAME)";
				SWIFT_VERSION = 4.0;
				TARGETED_DEVICE_FAMILY = "1,2";
			};
			name = Release;
		};
		B333673720A31B1D00A19E2D /* Debug */ = {
			isa = XCBuildConfiguration;
			buildSettings = {
				ALWAYS_EMBED_SWIFT_STANDARD_LIBRARIES = YES;
				BUNDLE_LOADER = "$(TEST_HOST)";
				CODE_SIGN_STYLE = Automatic;
				DEVELOPMENT_TEAM = CMXKRM464P;
				INFOPLIST_FILE = AudioProjectTests/Info.plist;
				LD_RUNPATH_SEARCH_PATHS = "$(inherited) @executable_path/Frameworks @loader_path/Frameworks";
				PRODUCT_BUNDLE_IDENTIFIER = bumslap.AudioProjectTests;
				PRODUCT_NAME = "$(TARGET_NAME)";
				SWIFT_VERSION = 4.0;
				TARGETED_DEVICE_FAMILY = "1,2";
				TEST_HOST = "$(BUILT_PRODUCTS_DIR)/AudioProject.app/AudioProject";
			};
			name = Debug;
		};
		B333673820A31B1D00A19E2D /* Release */ = {
			isa = XCBuildConfiguration;
			buildSettings = {
				ALWAYS_EMBED_SWIFT_STANDARD_LIBRARIES = YES;
				BUNDLE_LOADER = "$(TEST_HOST)";
				CODE_SIGN_STYLE = Automatic;
				DEVELOPMENT_TEAM = CMXKRM464P;
				INFOPLIST_FILE = AudioProjectTests/Info.plist;
				LD_RUNPATH_SEARCH_PATHS = "$(inherited) @executable_path/Frameworks @loader_path/Frameworks";
				PRODUCT_BUNDLE_IDENTIFIER = bumslap.AudioProjectTests;
				PRODUCT_NAME = "$(TARGET_NAME)";
				SWIFT_VERSION = 4.0;
				TARGETED_DEVICE_FAMILY = "1,2";
				TEST_HOST = "$(BUILT_PRODUCTS_DIR)/AudioProject.app/AudioProject";
			};
			name = Release;
		};
		B333673A20A31B1D00A19E2D /* Debug */ = {
			isa = XCBuildConfiguration;
			buildSettings = {
				ALWAYS_EMBED_SWIFT_STANDARD_LIBRARIES = YES;
				CODE_SIGN_STYLE = Automatic;
				DEVELOPMENT_TEAM = CMXKRM464P;
				INFOPLIST_FILE = AudioProjectUITests/Info.plist;
				LD_RUNPATH_SEARCH_PATHS = "$(inherited) @executable_path/Frameworks @loader_path/Frameworks";
				PRODUCT_BUNDLE_IDENTIFIER = bumslap.AudioProjectUITests;
				PRODUCT_NAME = "$(TARGET_NAME)";
				SWIFT_VERSION = 4.0;
				TARGETED_DEVICE_FAMILY = "1,2";
				TEST_TARGET_NAME = AudioProject;
			};
			name = Debug;
		};
		B333673B20A31B1D00A19E2D /* Release */ = {
			isa = XCBuildConfiguration;
			buildSettings = {
				ALWAYS_EMBED_SWIFT_STANDARD_LIBRARIES = YES;
				CODE_SIGN_STYLE = Automatic;
				DEVELOPMENT_TEAM = CMXKRM464P;
				INFOPLIST_FILE = AudioProjectUITests/Info.plist;
				LD_RUNPATH_SEARCH_PATHS = "$(inherited) @executable_path/Frameworks @loader_path/Frameworks";
				PRODUCT_BUNDLE_IDENTIFIER = bumslap.AudioProjectUITests;
				PRODUCT_NAME = "$(TARGET_NAME)";
				SWIFT_VERSION = 4.0;
				TARGETED_DEVICE_FAMILY = "1,2";
				TEST_TARGET_NAME = AudioProject;
			};
			name = Release;
		};
/* End XCBuildConfiguration section */

/* Begin XCConfigurationList section */
		B333670620A31B1D00A19E2D /* Build configuration list for PBXProject "AudioProject" */ = {
			isa = XCConfigurationList;
			buildConfigurations = (
				B333673120A31B1D00A19E2D /* Debug */,
				B333673220A31B1D00A19E2D /* Release */,
			);
			defaultConfigurationIsVisible = 0;
			defaultConfigurationName = Release;
		};
		B333673320A31B1D00A19E2D /* Build configuration list for PBXNativeTarget "AudioProject" */ = {
			isa = XCConfigurationList;
			buildConfigurations = (
				B333673420A31B1D00A19E2D /* Debug */,
				B333673520A31B1D00A19E2D /* Release */,
			);
			defaultConfigurationIsVisible = 0;
			defaultConfigurationName = Release;
		};
		B333673620A31B1D00A19E2D /* Build configuration list for PBXNativeTarget "AudioProjectTests" */ = {
			isa = XCConfigurationList;
			buildConfigurations = (
				B333673720A31B1D00A19E2D /* Debug */,
				B333673820A31B1D00A19E2D /* Release */,
			);
			defaultConfigurationIsVisible = 0;
			defaultConfigurationName = Release;
		};
		B333673920A31B1D00A19E2D /* Build configuration list for PBXNativeTarget "AudioProjectUITests" */ = {
			isa = XCConfigurationList;
			buildConfigurations = (
				B333673A20A31B1D00A19E2D /* Debug */,
				B333673B20A31B1D00A19E2D /* Release */,
			);
			defaultConfigurationIsVisible = 0;
			defaultConfigurationName = Release;
		};
/* End XCConfigurationList section */
	};
	rootObject = B333670320A31B1D00A19E2D /* Project object */;
}
